Microsoft Visual Studio Solution File, Format Version 11.00
# Visual Studio 2008

Project("{991BD209-4A0C-6C39-5A87-B52707E92B60}") = "Potter", "Assembly-CSharp.csproj", "{96000AF8-3546-4B7B-A50E-95627BC398BB}"
EndProject
Project("{991BD209-4A0C-6C39-5A87-B52707E92B60}") = "Potter", "Assembly-CSharp-Editor.csproj", "{B7FCBA23-5865-CF45-A182-6CC1DE0AAB8E}"
EndProject
Project("{991BD209-4A0C-6C39-5A87-B52707E92B60}") = "Potter", "Assembly-UnityScript.unityproj", "{E85A758E-8A48-24F5-E469-CA478F17E26A}"
EndProject
Project("{991BD209-4A0C-6C39-5A87-B52707E92B60}") = "Potter", "Assembly-UnityScript-Editor.unityproj", "{E43DA086-E96A-F5CF-7A71-5561DECB1FA9}"
EndProject
Global
	GlobalSection(SolutionConfigurationPlatforms) = preSolution
		Debug|Any CPU = Debug|Any CPU
		Release|Any CPU = Release|Any CPU
	EndGlobalSection
	GlobalSection(ProjectConfigurationPlatforms) = postSolution
		{96000AF8-3546-4B7B-A50E-95627BC398BB}.Debug|Any CPU.ActiveCfg = Debug|Any CPU
		{96000AF8-3546-4B7B-A50E-95627BC398BB}.Debug|Any CPU.Build.0 = Debug|Any CPU
		{96000AF8-3546-4B7B-A50E-95627BC398BB}.Release|Any CPU.ActiveCfg = Release|Any CPU
		{96000AF8-3546-4B7B-A50E-95627BC398BB}.Release|Any CPU.Build.0 = Release|Any CPU
		{B7FCBA23-5865-CF45-A182-6CC1DE0AAB8E}.Debug|Any CPU.ActiveCfg = Debug|Any CPU
		{B7FCBA23-5865-CF45-A182-6CC1DE0AAB8E}.Debug|Any CPU.Build.0 = Debug|Any CPU
		{B7FCBA23-5865-CF45-A182-6CC1DE0AAB8E}.Release|Any CPU.ActiveCfg = Release|Any CPU
		{B7FCBA23-5865-CF45-A182-6CC1DE0AAB8E}.Release|Any CPU.Build.0 = Release|Any CPU
		{E85A758E-8A48-24F5-E469-CA478F17E26A}.Debug|Any CPU.ActiveCfg = Debug|Any CPU
		{E85A758E-8A48-24F5-E469-CA478F17E26A}.Debug|Any CPU.Build.0 = Debug|Any CPU
		{E85A758E-8A48-24F5-E469-CA478F17E26A}.Release|Any CPU.ActiveCfg = Release|Any CPU
		{E85A758E-8A48-24F5-E469-CA478F17E26A}.Release|Any CPU.Build.0 = Release|Any CPU
		{E43DA086-E96A-F5CF-7A71-5561DECB1FA9}.Debug|Any CPU.ActiveCfg = Debug|Any CPU
		{E43DA086-E96A-F5CF-7A71-5561DECB1FA9}.Debug|Any CPU.Build.0 = Debug|Any CPU
		{E43DA086-E96A-F5CF-7A71-5561DECB1FA9}.Release|Any CPU.ActiveCfg = Release|Any CPU
		{E43DA086-E96A-F5CF-7A71-5561DECB1FA9}.Release|Any CPU.Build.0 = Release|Any CPU
	EndGlobalSection
	GlobalSection(SolutionProperties) = preSolution
		HideSolutionNode = FALSE
	EndGlobalSection
					GlobalSection(MonoDevelopProperties) = preSolution
		StartupItem = Assembly-CSharp.csproj
		Policies = $0
		$0.TextStylePolicy = $1
		$1.inheritsSet = null
		$1.scope = text/x-csharp
		$0.CSharpFormattingPolicy = $2
		$2.inheritsSet = Mono
		$2.inheritsScope = text/x-csharp
		$2.scope = text/x-csharp
		$0.TextStylePolicy = $3
		$3.FileWidth = 120
		$3.TabWidth = 4
		$3.EolMarker = Unix
		$3.inheritsSet = Mono
		$3.inheritsScope = text/plain
		$3.scope = text/plain
	EndGlobalSection

EndGlobal
